// !$*UTF8*$!
{
	archiveVersion = 1;
	classes = {
	};
	objectVersion = 70;
	objects = {

/* Begin PBXBuildFile section */
		00B9B3A1CE6741B63334035B /* AIAnalysisParsingTests.swift in Sources */ = {isa = PBXBuildFile; fileRef = 6DD0DAB918AE6C43203687B1 /* AIAnalysisParsingTests.swift */; };
		11C0F4AB839DF43E22D65B9A /* KeySyncCryptoTests.swift in Sources */ = {isa = PBXBuildFile; fileRef = 98D2D2CB68835763A39B0B88 /* KeySyncCryptoTests.swift */; };
		2D5F5E408DB2900D5E4EB16A /* GuidanceFallbackTests.swift in Sources */ = {isa = PBXBuildFile; fileRef = EB2E6651487D0EFEE5E52932 /* GuidanceFallbackTests.swift */; };
		38FFE15933CA61B4381699B5 /* ModelRelationshipTests.swift in Sources */ = {isa = PBXBuildFile; fileRef = 0E95904BD87CF150598C8CF4 /* ModelRelationshipTests.swift */; };
		427935C4BB83A9052AEEE6E1 /* ShareImportServiceTests.swift in Sources */ = {isa = PBXBuildFile; fileRef = D03B2C30D0292058D69AC3B2 /* ShareImportServiceTests.swift */; };
		5E5E4765114B409FE5994A83 /* KeySyncServiceTests.swift in Sources */ = {isa = PBXBuildFile; fileRef = 0D3694D12FDBE22980A4E2CF /* KeySyncServiceTests.swift */; };
		62A792952CC5B0204DD1ACB7 /* MediaDeleteServiceTests.swift in Sources */ = {isa = PBXBuildFile; fileRef = B0AEB8740C7475677E69AF73 /* MediaDeleteServiceTests.swift */; };
		69A2FAEBC4355557E9BBF91D /* MediaItem.swift in Sources */ = {isa = PBXBuildFile; fileRef = 8EA2C659B43CBFC9C4825931 /* MediaItem.swift */; };
		777AC6FDEA6C14A464172559 /* SidecarCodableTests.swift in Sources */ = {isa = PBXBuildFile; fileRef = 54ADC2195271038AAEE8E275 /* SidecarCodableTests.swift */; };
		787BBD33FD14A7CC420B8C71 /* SyncService.swift in Sources */ = {isa = PBXBuildFile; fileRef = FC24EBA6AD6068C4ADA26030 /* SyncService.swift */; };
		810E66F164E96C78F5095B7B /* AnalysisResult.swift in Sources */ = {isa = PBXBuildFile; fileRef = 71A78C6996F3AEB37B949CCE /* AnalysisResult.swift */; };
		81BCDEF1234567890ABCDE12 /* SpaceMembership.swift in Sources */ = {isa = PBXBuildFile; fileRef = 91BCDEF1234567890ABCDE12 /* SpaceMembership.swift */; };
		8448C11DC4344A2F90D8BD6F /* SwiftDataTestSupport.swift in Sources */ = {isa = PBXBuildFile; fileRef = 8DF1DFAA1BB8E9D39744CFA9 /* SwiftDataTestSupport.swift */; };
		84F9DE63370E1B1CC097BECA /* SearchIndexServiceTests.swift in Sources */ = {isa = PBXBuildFile; fileRef = F9E80534FE421A32D569AAE8 /* SearchIndexServiceTests.swift */; };
		93BCDEF1234567890ABCDE12 /* SpaceGuidanceResolverTests.swift in Sources */ = {isa = PBXBuildFile; fileRef = 92BCDEF1234567890ABCDE12 /* SpaceGuidanceResolverTests.swift */; };
		A0E9D3DA2F7328AC00E35403 /* ShareExtension.appex in Embed Foundation Extensions */ = {isa = PBXBuildFile; fileRef = A0E9D3D02F7328AC00E35403 /* ShareExtension.appex */; settings = {ATTRIBUTES = (RemoveHeadersOnCopy, ); }; };
		A100000001 /* SnapwellApp.swift in Sources */ = {isa = PBXBuildFile; fileRef = B100000001 /* SnapwellApp.swift */; };
		A100000002 /* ContentView.swift in Sources */ = {isa = PBXBuildFile; fileRef = B100000002 /* ContentView.swift */; };
		A100000004 /* Space.swift in Sources */ = {isa = PBXBuildFile; fileRef = B100000004 /* Space.swift */; };
		A100000005 /* FileSystemManager.swift in Sources */ = {isa = PBXBuildFile; fileRef = B100000005 /* FileSystemManager.swift */; };
		A100000008 /* ThumbnailCache.swift in Sources */ = {isa = PBXBuildFile; fileRef = B100000008 /* ThumbnailCache.swift */; };
		A100000009 /* Color+Snapwell.swift in Sources */ = {isa = PBXBuildFile; fileRef = B100000009 /* Color+Snapwell.swift */; };
		A100000011 /* MainView.swift in Sources */ = {isa = PBXBuildFile; fileRef = B100000011 /* MainView.swift */; };
		A100000013 /* MasonryGrid.swift in Sources */ = {isa = PBXBuildFile; fileRef = B100000013 /* MasonryGrid.swift */; };
		A100000014 /* GridItemView.swift in Sources */ = {isa = PBXBuildFile; fileRef = B100000014 /* GridItemView.swift */; };
		A100000015 /* PatternPills.swift in Sources */ = {isa = PBXBuildFile; fileRef = B100000015 /* PatternPills.swift */; };
		A100000016 /* ImageDetailView.swift in Sources */ = {isa = PBXBuildFile; fileRef = B100000016 /* ImageDetailView.swift */; };
		A100000017 /* ZoomableImageView.swift in Sources */ = {isa = PBXBuildFile; fileRef = B100000017 /* ZoomableImageView.swift */; };
		A100000018 /* EmptyStateView.swift in Sources */ = {isa = PBXBuildFile; fileRef = B100000018 /* EmptyStateView.swift */; };
		A100000019 /* Assets.xcassets in Resources */ = {isa = PBXBuildFile; fileRef = B100000019 /* Assets.xcassets */; };
		A100000020 /* iCloudDownloadMonitor.swift in Sources */ = {isa = PBXBuildFile; fileRef = B100000020 /* iCloudDownloadMonitor.swift */; };
		A100000021 /* FullScreenImageOverlay.swift in Sources */ = {isa = PBXBuildFile; fileRef = B100000021 /* FullScreenImageOverlay.swift */; };
		A100000022 /* AppIcon.icon in Resources */ = {isa = PBXBuildFile; fileRef = B100000022 /* AppIcon.icon */; };
		A100000023 /* ShareImportService.swift in Sources */ = {isa = PBXBuildFile; fileRef = B100000025 /* ShareImportService.swift */; };
		A100000030 /* AnimationTokens.swift in Sources */ = {isa = PBXBuildFile; fileRef = B100000030 /* AnimationTokens.swift */; };
		A100000031 /* ImageImportService.swift in Sources */ = {isa = PBXBuildFile; fileRef = B100000031 /* ImageImportService.swift */; };
		A100000032 /* PhotoPickerView.swift in Sources */ = {isa = PBXBuildFile; fileRef = B100000032 /* PhotoPickerView.swift */; };
		A100000033 /* MediaDeleteService.swift in Sources */ = {isa = PBXBuildFile; fileRef = B100000033 /* MediaDeleteService.swift */; };
		A100000036 /* KeySyncCrypto.swift in Sources */ = {isa = PBXBuildFile; fileRef = B100000036 /* KeySyncCrypto.swift */; };
		A100000037 /* KeySyncService.swift in Sources */ = {isa = PBXBuildFile; fileRef = B100000037 /* KeySyncService.swift */; };
		A100000038 /* AIAnalysisService.swift in Sources */ = {isa = PBXBuildFile; fileRef = B100000038 /* AIAnalysisService.swift */; };
		A100000040 /* ActivityView.swift in Sources */ = {isa = PBXBuildFile; fileRef = B100000040 /* ActivityView.swift */; };
		A100000041 /* ModelContext+SaveOrLog.swift in Sources */ = {isa = PBXBuildFile; fileRef = B100000041 /* ModelContext+SaveOrLog.swift */; };
		A100000042 /* AppState.swift in Sources */ = {isa = PBXBuildFile; fileRef = B100000042 /* AppState.swift */; };
		A100000043 /* AnalysisCoordinator.swift in Sources */ = {isa = PBXBuildFile; fileRef = B100000043 /* AnalysisCoordinator.swift */; };
		A100000044 /* SidecarWriteService.swift in Sources */ = {isa = PBXBuildFile; fileRef = B100000044 /* SidecarWriteService.swift */; };
		A100000045 /* DetailMetadataSection.swift in Sources */ = {isa = PBXBuildFile; fileRef = B100000045 /* DetailMetadataSection.swift */; };
		A100000050 /* AllItemsTab.swift in Sources */ = {isa = PBXBuildFile; fileRef = B100000050 /* AllItemsTab.swift */; };
		A100000051 /* SpacesTab.swift in Sources */ = {isa = PBXBuildFile; fileRef = B100000051 /* SpacesTab.swift */; };
		A100000052 /* SpaceCardView.swift in Sources */ = {isa = PBXBuildFile; fileRef = B100000052 /* SpaceCardView.swift */; };
		A100000053 /* SpaceDetailView.swift in Sources */ = {isa = PBXBuildFile; fileRef = B100000053 /* SpaceDetailView.swift */; };
		A100000060 /* PrivacyInfo.xcprivacy in Resources */ = {isa = PBXBuildFile; fileRef = B100000060 /* PrivacyInfo.xcprivacy */; };
		A100000070 /* Settings.bundle in Resources */ = {isa = PBXBuildFile; fileRef = B100000070 /* Settings.bundle */; };
		A1MIGR0001 /* LocalToiCloudMigrationService.swift in Sources */ = {isa = PBXBuildFile; fileRef = B1MIGR0001 /* LocalToiCloudMigrationService.swift */; };
		A200000001 /* GridPreferenceKeyTests.swift in Sources */ = {isa = PBXBuildFile; fileRef = B200000001 /* GridPreferenceKeyTests.swift */; };
		A200000002 /* PerformanceHardeningTests.swift in Sources */ = {isa = PBXBuildFile; fileRef = B200000002 /* PerformanceHardeningTests.swift */; };
		C325B2DE9C4EBB590CE9AA5B /* MediaItemTests.swift in Sources */ = {isa = PBXBuildFile; fileRef = 2BC6070D4921036591CAB048 /* MediaItemTests.swift */; };
		E34FCD416FC123E6A9B6418F /* ImageImportServiceTests.swift in Sources */ = {isa = PBXBuildFile; fileRef = 7283BD792D4DC7DA66FA0273 /* ImageImportServiceTests.swift */; };
		E740BF023E205C121824CCB6 /* TestTags.swift in Sources */ = {isa = PBXBuildFile; fileRef = CC1856679647210724D1E66B /* TestTags.swift */; };
		F1D89CA57FB5EB4C93E230F1 /* Foundation.framework in Frameworks */ = {isa = PBXBuildFile; fileRef = F5136715774C9C5C0651A4D4 /* Foundation.framework */; };
		F2AD76603369201957F4E1FD /* SearchIndexService.swift in Sources */ = {isa = PBXBuildFile; fileRef = 5CFAB07291230EAED58390B4 /* SearchIndexService.swift */; };
		FF030F761044AEE25ACAEA04 /* SyncServiceDataTests.swift in Sources */ = {isa = PBXBuildFile; fileRef = FCAFF8A2EC042170AE7D0DA4 /* SyncServiceDataTests.swift */; };
		KC00000002 /* KeychainService.swift in Sources */ = {isa = PBXBuildFile; fileRef = KC00000001 /* KeychainService.swift */; };
/* End PBXBuildFile section */

/* Begin PBXContainerItemProxy section */
		50D27E1D2BB0C54CF01334B4 /* PBXContainerItemProxy */ = {
			isa = PBXContainerItemProxy;
			containerPortal = H100000001 /* Project object */;
			proxyType = 1;
			remoteGlobalIDString = F100000001;
			remoteInfo = Snapwell;
		};
		A0E9D3D82F7328AC00E35403 /* PBXContainerItemProxy */ = {
			isa = PBXContainerItemProxy;
			containerPortal = H100000001 /* Project object */;
			proxyType = 1;
			remoteGlobalIDString = A0E9D3CF2F7328AC00E35403;
			remoteInfo = ShareExtension;
		};
/* End PBXContainerItemProxy section */

/* Begin PBXCopyFilesBuildPhase section */
		A0E9D3DB2F7328AC00E35403 /* Embed Foundation Extensions */ = {
			isa = PBXCopyFilesBuildPhase;
			buildActionMask = 2147483647;
			dstPath = "";
			dstSubfolderSpec = 13;
			files = (
				A0E9D3DA2F7328AC00E35403 /* ShareExtension.appex in Embed Foundation Extensions */,
			);
			name = "Embed Foundation Extensions";
			runOnlyForDeploymentPostprocessing = 0;
		};
/* End PBXCopyFilesBuildPhase section */

/* Begin PBXFileReference section */
		0D3694D12FDBE22980A4E2CF /* KeySyncServiceTests.swift */ = {isa = PBXFileReference; includeInIndex = 1; lastKnownFileType = sourcecode.swift; path = KeySyncServiceTests.swift; sourceTree = "<group>"; };
		0E95904BD87CF150598C8CF4 /* ModelRelationshipTests.swift */ = {isa = PBXFileReference; includeInIndex = 1; lastKnownFileType = sourcecode.swift; path = ModelRelationshipTests.swift; sourceTree = "<group>"; };
		2BC6070D4921036591CAB048 /* MediaItemTests.swift */ = {isa = PBXFileReference; includeInIndex = 1; lastKnownFileType = sourcecode.swift; path = MediaItemTests.swift; sourceTree = "<group>"; };
		54ADC2195271038AAEE8E275 /* SidecarCodableTests.swift */ = {isa = PBXFileReference; includeInIndex = 1; lastKnownFileType = sourcecode.swift; path = SidecarCodableTests.swift; sourceTree = "<group>"; };
		5CFAB07291230EAED58390B4 /* SearchIndexService.swift */ = {isa = PBXFileReference; lastKnownFileType = sourcecode.swift; path = SearchIndexService.swift; sourceTree = "<group>"; };
		6DD0DAB918AE6C43203687B1 /* AIAnalysisParsingTests.swift */ = {isa = PBXFileReference; includeInIndex = 1; lastKnownFileType = sourcecode.swift; path = AIAnalysisParsingTests.swift; sourceTree = "<group>"; };
		71A78C6996F3AEB37B949CCE /* AnalysisResult.swift */ = {isa = PBXFileReference; lastKnownFileType = sourcecode.swift; path = AnalysisResult.swift; sourceTree = "<group>"; };
		7283BD792D4DC7DA66FA0273 /* ImageImportServiceTests.swift */ = {isa = PBXFileReference; includeInIndex = 1; lastKnownFileType = sourcecode.swift; path = ImageImportServiceTests.swift; sourceTree = "<group>"; };
		8DF1DFAA1BB8E9D39744CFA9 /* SwiftDataTestSupport.swift */ = {isa = PBXFileReference; includeInIndex = 1; lastKnownFileType = sourcecode.swift; path = SwiftDataTestSupport.swift; sourceTree = "<group>"; };
		8EA2C659B43CBFC9C4825931 /* MediaItem.swift */ = {isa = PBXFileReference; lastKnownFileType = sourcecode.swift; path = MediaItem.swift; sourceTree = "<group>"; };
		91BCDEF1234567890ABCDE12 /* SpaceMembership.swift */ = {isa = PBXFileReference; lastKnownFileType = sourcecode.swift; path = SpaceMembership.swift; sourceTree = "<group>"; };
		92BCDEF1234567890ABCDE12 /* SpaceGuidanceResolverTests.swift */ = {isa = PBXFileReference; includeInIndex = 1; lastKnownFileType = sourcecode.swift; path = SpaceGuidanceResolverTests.swift; sourceTree = "<group>"; };
		98D2D2CB68835763A39B0B88 /* KeySyncCryptoTests.swift */ = {isa = PBXFileReference; includeInIndex = 1; lastKnownFileType = sourcecode.swift; path = KeySyncCryptoTests.swift; sourceTree = "<group>"; };
		A0E9D3D02F7328AC00E35403 /* ShareExtension.appex */ = {isa = PBXFileReference; explicitFileType = "wrapper.app-extension"; includeInIndex = 0; path = ShareExtension.appex; sourceTree = BUILT_PRODUCTS_DIR; };
		B0AEB8740C7475677E69AF73 /* MediaDeleteServiceTests.swift */ = {isa = PBXFileReference; includeInIndex = 1; lastKnownFileType = sourcecode.swift; path = MediaDeleteServiceTests.swift; sourceTree = "<group>"; };
		B100000001 /* SnapwellApp.swift */ = {isa = PBXFileReference; lastKnownFileType = sourcecode.swift; path = SnapwellApp.swift; sourceTree = "<group>"; };
		B100000002 /* ContentView.swift */ = {isa = PBXFileReference; lastKnownFileType = sourcecode.swift; path = ContentView.swift; sourceTree = "<group>"; };
		B100000004 /* Space.swift */ = {isa = PBXFileReference; lastKnownFileType = sourcecode.swift; path = Space.swift; sourceTree = "<group>"; };
		B100000005 /* FileSystemManager.swift */ = {isa = PBXFileReference; lastKnownFileType = sourcecode.swift; path = FileSystemManager.swift; sourceTree = "<group>"; };
		B100000008 /* ThumbnailCache.swift */ = {isa = PBXFileReference; lastKnownFileType = sourcecode.swift; path = ThumbnailCache.swift; sourceTree = "<group>"; };
		B100000009 /* Color+Snapwell.swift */ = {isa = PBXFileReference; lastKnownFileType = sourcecode.swift; path = "Color+Snapwell.swift"; sourceTree = "<group>"; };
		B100000011 /* MainView.swift */ = {isa = PBXFileReference; lastKnownFileType = sourcecode.swift; path = MainView.swift; sourceTree = "<group>"; };
		B100000013 /* MasonryGrid.swift */ = {isa = PBXFileReference; lastKnownFileType = sourcecode.swift; path = MasonryGrid.swift; sourceTree = "<group>"; };
		B100000014 /* GridItemView.swift */ = {isa = PBXFileReference; lastKnownFileType = sourcecode.swift; path = GridItemView.swift; sourceTree = "<group>"; };
		B100000015 /* PatternPills.swift */ = {isa = PBXFileReference; lastKnownFileType = sourcecode.swift; path = PatternPills.swift; sourceTree = "<group>"; };
		B100000016 /* ImageDetailView.swift */ = {isa = PBXFileReference; lastKnownFileType = sourcecode.swift; path = ImageDetailView.swift; sourceTree = "<group>"; };
		B100000017 /* ZoomableImageView.swift */ = {isa = PBXFileReference; lastKnownFileType = sourcecode.swift; path = ZoomableImageView.swift; sourceTree = "<group>"; };
		B100000018 /* EmptyStateView.swift */ = {isa = PBXFileReference; lastKnownFileType = sourcecode.swift; path = EmptyStateView.swift; sourceTree = "<group>"; };
		B100000019 /* Assets.xcassets */ = {isa = PBXFileReference; lastKnownFileType = folder.assetcatalog; path = Assets.xcassets; sourceTree = "<group>"; };
		B100000020 /* iCloudDownloadMonitor.swift */ = {isa = PBXFileReference; lastKnownFileType = sourcecode.swift; path = iCloudDownloadMonitor.swift; sourceTree = "<group>"; };
		B100000021 /* FullScreenImageOverlay.swift */ = {isa = PBXFileReference; lastKnownFileType = sourcecode.swift; path = FullScreenImageOverlay.swift; sourceTree = "<group>"; };
		B100000022 /* AppIcon.icon */ = {isa = PBXFileReference; lastKnownFileType = folder.iconcomposer.icon; path = AppIcon.icon; sourceTree = "<group>"; };
		B100000023 /* Snapwell.entitlements */ = {isa = PBXFileReference; lastKnownFileType = text.plist.entitlements; path = Snapwell.entitlements; sourceTree = "<group>"; };
		B100000024 /* Info.plist */ = {isa = PBXFileReference; lastKnownFileType = text.plist.xml; path = Info.plist; sourceTree = "<group>"; };
		B100000025 /* ShareImportService.swift */ = {isa = PBXFileReference; lastKnownFileType = sourcecode.swift; path = ShareImportService.swift; sourceTree = "<group>"; };
		B100000030 /* AnimationTokens.swift */ = {isa = PBXFileReference; lastKnownFileType = sourcecode.swift; path = AnimationTokens.swift; sourceTree = "<group>"; };
		B100000031 /* ImageImportService.swift */ = {isa = PBXFileReference; lastKnownFileType = sourcecode.swift; path = ImageImportService.swift; sourceTree = "<group>"; };
		B100000032 /* PhotoPickerView.swift */ = {isa = PBXFileReference; lastKnownFileType = sourcecode.swift; path = PhotoPickerView.swift; sourceTree = "<group>"; };
		B100000033 /* MediaDeleteService.swift */ = {isa = PBXFileReference; lastKnownFileType = sourcecode.swift; path = MediaDeleteService.swift; sourceTree = "<group>"; };
		B100000036 /* KeySyncCrypto.swift */ = {isa = PBXFileReference; lastKnownFileType = sourcecode.swift; path = KeySyncCrypto.swift; sourceTree = "<group>"; };
		B100000037 /* KeySyncService.swift */ = {isa = PBXFileReference; lastKnownFileType = sourcecode.swift; path = KeySyncService.swift; sourceTree = "<group>"; };
		B100000038 /* AIAnalysisService.swift */ = {isa = PBXFileReference; lastKnownFileType = sourcecode.swift; path = AIAnalysisService.swift; sourceTree = "<group>"; };
		B100000040 /* ActivityView.swift */ = {isa = PBXFileReference; lastKnownFileType = sourcecode.swift; path = ActivityView.swift; sourceTree = "<group>"; };
		B100000041 /* ModelContext+SaveOrLog.swift */ = {isa = PBXFileReference; lastKnownFileType = sourcecode.swift; path = "ModelContext+SaveOrLog.swift"; sourceTree = "<group>"; };
		B100000042 /* AppState.swift */ = {isa = PBXFileReference; lastKnownFileType = sourcecode.swift; path = AppState.swift; sourceTree = "<group>"; };
		B100000043 /* AnalysisCoordinator.swift */ = {isa = PBXFileReference; lastKnownFileType = sourcecode.swift; path = AnalysisCoordinator.swift; sourceTree = "<group>"; };
		B100000044 /* SidecarWriteService.swift */ = {isa = PBXFileReference; lastKnownFileType = sourcecode.swift; path = SidecarWriteService.swift; sourceTree = "<group>"; };
		B100000045 /* DetailMetadataSection.swift */ = {isa = PBXFileReference; lastKnownFileType = sourcecode.swift; path = DetailMetadataSection.swift; sourceTree = "<group>"; };
		B100000050 /* AllItemsTab.swift */ = {isa = PBXFileReference; lastKnownFileType = sourcecode.swift; path = AllItemsTab.swift; sourceTree = "<group>"; };
		B100000051 /* SpacesTab.swift */ = {isa = PBXFileReference; lastKnownFileType = sourcecode.swift; path = SpacesTab.swift; sourceTree = "<group>"; };
		B100000052 /* SpaceCardView.swift */ = {isa = PBXFileReference; lastKnownFileType = sourcecode.swift; path = SpaceCardView.swift; sourceTree = "<group>"; };
		B100000053 /* SpaceDetailView.swift */ = {isa = PBXFileReference; lastKnownFileType = sourcecode.swift; path = SpaceDetailView.swift; sourceTree = "<group>"; };
		B100000060 /* PrivacyInfo.xcprivacy */ = {isa = PBXFileReference; lastKnownFileType = text.xml; path = PrivacyInfo.xcprivacy; sourceTree = "<group>"; };
		B100000070 /* Settings.bundle */ = {isa = PBXFileReference; lastKnownFileType = "wrapper.plug-in"; path = Settings.bundle; sourceTree = "<group>"; };
		B1MIGR0001 /* LocalToiCloudMigrationService.swift */ = {isa = PBXFileReference; lastKnownFileType = sourcecode.swift; path = LocalToiCloudMigrationService.swift; sourceTree = "<group>"; };
		B200000001 /* GridPreferenceKeyTests.swift */ = {isa = PBXFileReference; includeInIndex = 1; lastKnownFileType = sourcecode.swift; path = GridPreferenceKeyTests.swift; sourceTree = "<group>"; };
		B200000002 /* PerformanceHardeningTests.swift */ = {isa = PBXFileReference; includeInIndex = 1; lastKnownFileType = sourcecode.swift; path = PerformanceHardeningTests.swift; sourceTree = "<group>"; };
		C100000001 /* Snapwell.app */ = {isa = PBXFileReference; explicitFileType = wrapper.application; includeInIndex = 0; path = Snapwell.app; sourceTree = BUILT_PRODUCTS_DIR; };
		CC1856679647210724D1E66B /* TestTags.swift */ = {isa = PBXFileReference; includeInIndex = 1; lastKnownFileType = sourcecode.swift; path = TestTags.swift; sourceTree = "<group>"; };
		D03B2C30D0292058D69AC3B2 /* ShareImportServiceTests.swift */ = {isa = PBXFileReference; includeInIndex = 1; lastKnownFileType = sourcecode.swift; path = ShareImportServiceTests.swift; sourceTree = "<group>"; };
		E986591D29AF09AB23D9FF4A /* SnapwellTests.xctest */ = {isa = PBXFileReference; explicitFileType = wrapper.cfbundle; includeInIndex = 0; path = SnapwellTests.xctest; sourceTree = BUILT_PRODUCTS_DIR; };
		EB2E6651487D0EFEE5E52932 /* GuidanceFallbackTests.swift */ = {isa = PBXFileReference; includeInIndex = 1; lastKnownFileType = sourcecode.swift; path = GuidanceFallbackTests.swift; sourceTree = "<group>"; };
		F5136715774C9C5C0651A4D4 /* Foundation.framework */ = {isa = PBXFileReference; lastKnownFileType = wrapper.framework; name = Foundation.framework; path = Platforms/iPhoneOS.platform/Developer/SDKs/iPhoneOS18.0.sdk/System/Library/Frameworks/Foundation.framework; sourceTree = DEVELOPER_DIR; };
		F9E80534FE421A32D569AAE8 /* SearchIndexServiceTests.swift */ = {isa = PBXFileReference; includeInIndex = 1; lastKnownFileType = sourcecode.swift; path = SearchIndexServiceTests.swift; sourceTree = "<group>"; };
		FC24EBA6AD6068C4ADA26030 /* SyncService.swift */ = {isa = PBXFileReference; lastKnownFileType = sourcecode.swift; path = SyncService.swift; sourceTree = "<group>"; };
		FCAFF8A2EC042170AE7D0DA4 /* SyncServiceDataTests.swift */ = {isa = PBXFileReference; includeInIndex = 1; lastKnownFileType = sourcecode.swift; path = SyncServiceDataTests.swift; sourceTree = "<group>"; };
		KC00000001 /* KeychainService.swift */ = {isa = PBXFileReference; lastKnownFileType = sourcecode.swift; path = KeychainService.swift; sourceTree = "<group>"; };
/* End PBXFileReference section */

/* Begin PBXFileSystemSynchronizedBuildFileExceptionSet section */
		A0E9D3DE2F7328AC00E35403 /* PBXFileSystemSynchronizedBuildFileExceptionSet */ = {
			isa = PBXFileSystemSynchronizedBuildFileExceptionSet;
			membershipExceptions = (
				Info.plist,
			);
			target = A0E9D3CF2F7328AC00E35403 /* ShareExtension */;
		};
/* End PBXFileSystemSynchronizedBuildFileExceptionSet section */

/* Begin PBXFileSystemSynchronizedRootGroup section */
		A0E9D3D12F7328AC00E35403 /* ShareExtension */ = {isa = PBXFileSystemSynchronizedRootGroup; exceptions = (A0E9D3DE2F7328AC00E35403 /* PBXFileSystemSynchronizedBuildFileExceptionSet */, ); explicitFileTypes = {}; explicitFolders = (); path = ShareExtension; sourceTree = "<group>"; };
/* End PBXFileSystemSynchronizedRootGroup section */

/* Begin PBXFrameworksBuildPhase section */
		7A10347D1A3C3DBC0EE55BD4 /* Frameworks */ = {
			isa = PBXFrameworksBuildPhase;
			buildActionMask = 2147483647;
			files = (
				F1D89CA57FB5EB4C93E230F1 /* Foundation.framework in Frameworks */,
			);
			runOnlyForDeploymentPostprocessing = 0;
		};
		A0E9D3CD2F7328AC00E35403 /* Frameworks */ = {
			isa = PBXFrameworksBuildPhase;
			buildActionMask = 2147483647;
			files = (
			);
			runOnlyForDeploymentPostprocessing = 0;
		};
		D100000001 /* Frameworks */ = {
			isa = PBXFrameworksBuildPhase;
			buildActionMask = 2147483647;
			files = (
			);
			runOnlyForDeploymentPostprocessing = 0;
		};
/* End PBXFrameworksBuildPhase section */

/* Begin PBXGroup section */
		32C93C83CDA2B19AF3A644AF /* Helpers */ = {
			isa = PBXGroup;
			children = (
				8DF1DFAA1BB8E9D39744CFA9 /* SwiftDataTestSupport.swift */,
				CC1856679647210724D1E66B /* TestTags.swift */,
			);
			path = Helpers;
			sourceTree = "<group>";
		};
		38055792990F5A76CD3DAFEE /* Frameworks */ = {
			isa = PBXGroup;
			children = (
				C00B021659DB12CF151B312D /* iOS */,
			);
			name = Frameworks;
			sourceTree = "<group>";
		};
		8BB7A292A37E87DADFE5B213 /* SnapwellTests */ = {
			isa = PBXGroup;
			children = (
				32C93C83CDA2B19AF3A644AF /* Helpers */,
				6DD0DAB918AE6C43203687B1 /* AIAnalysisParsingTests.swift */,
				98D2D2CB68835763A39B0B88 /* KeySyncCryptoTests.swift */,
				54ADC2195271038AAEE8E275 /* SidecarCodableTests.swift */,
				B0AEB8740C7475677E69AF73 /* MediaDeleteServiceTests.swift */,
				2BC6070D4921036591CAB048 /* MediaItemTests.swift */,
				0E95904BD87CF150598C8CF4 /* ModelRelationshipTests.swift */,
				92BCDEF1234567890ABCDE12 /* SpaceGuidanceResolverTests.swift */,
				F9E80534FE421A32D569AAE8 /* SearchIndexServiceTests.swift */,
				D03B2C30D0292058D69AC3B2 /* ShareImportServiceTests.swift */,
				EB2E6651487D0EFEE5E52932 /* GuidanceFallbackTests.swift */,
				FCAFF8A2EC042170AE7D0DA4 /* SyncServiceDataTests.swift */,
				0D3694D12FDBE22980A4E2CF /* KeySyncServiceTests.swift */,
				7283BD792D4DC7DA66FA0273 /* ImageImportServiceTests.swift */,
				B200000001 /* GridPreferenceKeyTests.swift */,
				B200000002 /* PerformanceHardeningTests.swift */,
			);
			path = SnapwellTests;
			sourceTree = "<group>";
		};
		C00B021659DB12CF151B312D /* iOS */ = {
			isa = PBXGroup;
			children = (
				F5136715774C9C5C0651A4D4 /* Foundation.framework */,
			);
			name = iOS;
			sourceTree = "<group>";
		};
		E100000001 = {
			isa = PBXGroup;
			children = (
				E100000002 /* Snapwell */,
				A0E9D3D12F7328AC00E35403 /* ShareExtension */,
				E100000099 /* Products */,
				38055792990F5A76CD3DAFEE /* Frameworks */,
				8BB7A292A37E87DADFE5B213 /* SnapwellTests */,
			);
			sourceTree = "<group>";
		};
		E100000002 /* Snapwell */ = {
			isa = PBXGroup;
			children = (
				E100000003 /* App */,
				E100000004 /* Models */,
				E100000005 /* Views */,
				E100000006 /* Services */,
				E100000007 /* Extensions */,
				E100000008 /* Resources */,
			);
			path = Snapwell;
			sourceTree = "<group>";
		};
		E100000003 /* App */ = {
			isa = PBXGroup;
			children = (
				B100000001 /* SnapwellApp.swift */,
				B100000002 /* ContentView.swift */,
				B100000042 /* AppState.swift */,
			);
			path = App;
			sourceTree = "<group>";
		};
		E100000004 /* Models */ = {
			isa = PBXGroup;
			children = (
				B100000004 /* Space.swift */,
				91BCDEF1234567890ABCDE12 /* SpaceMembership.swift */,
				8EA2C659B43CBFC9C4825931 /* MediaItem.swift */,
				71A78C6996F3AEB37B949CCE /* AnalysisResult.swift */,
			);
			path = Models;
			sourceTree = "<group>";
		};
		E100000005 /* Views */ = {
			isa = PBXGroup;
			children = (
				E100000011 /* Main */,
				E100000050 /* Spaces */,
				E100000012 /* Grid */,
				E100000013 /* Detail */,
				E100000014 /* Shared */,
			);
			path = Views;
			sourceTree = "<group>";
		};
		E100000006 /* Services */ = {
			isa = PBXGroup;
			children = (
				B100000005 /* FileSystemManager.swift */,
				B100000020 /* iCloudDownloadMonitor.swift */,
				B100000025 /* ShareImportService.swift */,
				FC24EBA6AD6068C4ADA26030 /* SyncService.swift */,
				B1MIGR0001 /* LocalToiCloudMigrationService.swift */,
				5CFAB07291230EAED58390B4 /* SearchIndexService.swift */,
				B100000008 /* ThumbnailCache.swift */,
				B100000031 /* ImageImportService.swift */,
				B100000033 /* MediaDeleteService.swift */,
				B100000036 /* KeySyncCrypto.swift */,
				B100000037 /* KeySyncService.swift */,
				KC00000001 /* KeychainService.swift */,
				B100000038 /* AIAnalysisService.swift */,
				B100000043 /* AnalysisCoordinator.swift */,
				B100000044 /* SidecarWriteService.swift */,
			);
			path = Services;
			sourceTree = "<group>";
		};
		E100000007 /* Extensions */ = {
			isa = PBXGroup;
			children = (
				B100000009 /* Color+Snapwell.swift */,
				B100000041 /* ModelContext+SaveOrLog.swift */,
			);
			path = Extensions;
			sourceTree = "<group>";
		};
		E100000008 /* Resources */ = {
			isa = PBXGroup;
			children = (
				B100000019 /* Assets.xcassets */,
				B100000022 /* AppIcon.icon */,
				B100000023 /* Snapwell.entitlements */,
				B100000024 /* Info.plist */,
				B100000060 /* PrivacyInfo.xcprivacy */,
				B100000070 /* Settings.bundle */,
			);
			path = Resources;
			sourceTree = "<group>";
		};
		E100000011 /* Main */ = {
			isa = PBXGroup;
			children = (
				B100000011 /* MainView.swift */,
				B100000050 /* AllItemsTab.swift */,
				B100000051 /* SpacesTab.swift */,
				B100000032 /* PhotoPickerView.swift */,
			);
			path = Main;
			sourceTree = "<group>";
		};
		E100000012 /* Grid */ = {
			isa = PBXGroup;
			children = (
				B100000013 /* MasonryGrid.swift */,
				B100000014 /* GridItemView.swift */,
				B100000015 /* PatternPills.swift */,
			);
			path = Grid;
			sourceTree = "<group>";
		};
		E100000013 /* Detail */ = {
			isa = PBXGroup;
			children = (
				B100000016 /* ImageDetailView.swift */,
				B100000017 /* ZoomableImageView.swift */,
				B100000021 /* FullScreenImageOverlay.swift */,
				B100000045 /* DetailMetadataSection.swift */,
			);
			path = Detail;
			sourceTree = "<group>";
		};
		E100000014 /* Shared */ = {
			isa = PBXGroup;
			children = (
				B100000040 /* ActivityView.swift */,
				B100000030 /* AnimationTokens.swift */,
				B100000018 /* EmptyStateView.swift */,
			);
			path = Shared;
			sourceTree = "<group>";
		};
		E100000050 /* Spaces */ = {
			isa = PBXGroup;
			children = (
				B100000052 /* SpaceCardView.swift */,
				B100000053 /* SpaceDetailView.swift */,
			);
			path = Spaces;
			sourceTree = "<group>";
		};
		E100000099 /* Products */ = {
			isa = PBXGroup;
			children = (
				C100000001 /* Snapwell.app */,
				A0E9D3D02F7328AC00E35403 /* ShareExtension.appex */,
				E986591D29AF09AB23D9FF4A /* SnapwellTests.xctest */,
			);
			name = Products;
			sourceTree = "<group>";
		};
/* End PBXGroup section */

/* Begin PBXNativeTarget section */
		A0E9D3CF2F7328AC00E35403 /* ShareExtension */ = {
			isa = PBXNativeTarget;
			buildConfigurationList = A0E9D3DF2F7328AC00E35403 /* Build configuration list for PBXNativeTarget "ShareExtension" */;
			buildPhases = (
				A0E9D3CC2F7328AC00E35403 /* Sources */,
				A0E9D3CD2F7328AC00E35403 /* Frameworks */,
				A0E9D3CE2F7328AC00E35403 /* Resources */,
			);
			buildRules = (
			);
			dependencies = (
			);
			fileSystemSynchronizedGroups = (
				A0E9D3D12F7328AC00E35403 /* ShareExtension */,
			);
			name = ShareExtension;
			productName = ShareExtension;
			productReference = A0E9D3D02F7328AC00E35403 /* ShareExtension.appex */;
			productType = "com.apple.product-type.app-extension";
		};
		F100000001 /* Snapwell */ = {
			isa = PBXNativeTarget;
			buildConfigurationList = G100000003 /* Build configuration list for PBXNativeTarget "Snapwell" */;
			buildPhases = (
				F100000002 /* Sources */,
				D100000001 /* Frameworks */,
				F100000003 /* Resources */,
				A0E9D3DB2F7328AC00E35403 /* Embed Foundation Extensions */,
			);
			buildRules = (
			);
			dependencies = (
				A0E9D3D92F7328AC00E35403 /* PBXTargetDependency */,
			);
			name = Snapwell;
			productName = Snapwell;
			productReference = C100000001 /* Snapwell.app */;
			productType = "com.apple.product-type.application";
		};
		F9A925E6CB89A0F0B97BBEA2 /* SnapwellTests */ = {
			isa = PBXNativeTarget;
			buildConfigurationList = 8A7D6929737B333F9908CD2D /* Build configuration list for PBXNativeTarget "SnapwellTests" */;
			buildPhases = (
				8FD79DC664444A2D47B5DB7B /* Sources */,
				7A10347D1A3C3DBC0EE55BD4 /* Frameworks */,
				B92C0A5FF8B0478E1A04489C /* Resources */,
			);
			buildRules = (
			);
			dependencies = (
				EFD4AB5D24995D4D5B1EA4DE /* PBXTargetDependency */,
			);
			name = SnapwellTests;
			productName = SnapwellTests;
			productReference = E986591D29AF09AB23D9FF4A /* SnapwellTests.xctest */;
			productType = "com.apple.product-type.bundle.unit-test";
		};
/* End PBXNativeTarget section */

/* Begin PBXProject section */
		H100000001 /* Project object */ = {
			isa = PBXProject;
			attributes = {
				BuildIndependentTargetsInParallel = 1;
				LastSwiftUpdateCheck = 2630;
				LastUpgradeCheck = 1540;
				TargetAttributes = {
					A0E9D3CF2F7328AC00E35403 = {
						CreatedOnToolsVersion = 26.3;
					};
					F100000001 = {
						CreatedOnToolsVersion = 15.4;
					};
				};
			};
			buildConfigurationList = G100000001 /* Build configuration list for PBXProject "Snapwell" */;
			compatibilityVersion = "Xcode 14.0";
			developmentRegion = en;
			hasScannedForEncodings = 0;
			knownRegions = (
				en,
				Base,
			);
			mainGroup = E100000001;
			productRefGroup = E100000099 /* Products */;
			projectDirPath = "";
			projectRoot = "";
			targets = (
				F100000001 /* Snapwell */,
				A0E9D3CF2F7328AC00E35403 /* ShareExtension */,
				F9A925E6CB89A0F0B97BBEA2 /* SnapwellTests */,
			);
		};
/* End PBXProject section */

/* Begin PBXResourcesBuildPhase section */
		A0E9D3CE2F7328AC00E35403 /* Resources */ = {
			isa = PBXResourcesBuildPhase;
			buildActionMask = 2147483647;
			files = (
			);
			runOnlyForDeploymentPostprocessing = 0;
		};
		B92C0A5FF8B0478E1A04489C /* Resources */ = {
			isa = PBXResourcesBuildPhase;
			buildActionMask = 2147483647;
			files = (
			);
			runOnlyForDeploymentPostprocessing = 0;
		};
		F100000003 /* Resources */ = {
			isa = PBXResourcesBuildPhase;
			buildActionMask = 2147483647;
			files = (
				A100000019 /* Assets.xcassets in Resources */,
				A100000022 /* AppIcon.icon in Resources */,
				A100000060 /* PrivacyInfo.xcprivacy in Resources */,
				A100000070 /* Settings.bundle in Resources */,
			);
			runOnlyForDeploymentPostprocessing = 0;
		};
/* End PBXResourcesBuildPhase section */

/* Begin PBXSourcesBuildPhase section */
		8FD79DC664444A2D47B5DB7B /* Sources */ = {
			isa = PBXSourcesBuildPhase;
			buildActionMask = 2147483647;
			files = (
				00B9B3A1CE6741B63334035B /* AIAnalysisParsingTests.swift in Sources */,
				8448C11DC4344A2F90D8BD6F /* SwiftDataTestSupport.swift in Sources */,
				E740BF023E205C121824CCB6 /* TestTags.swift in Sources */,
				11C0F4AB839DF43E22D65B9A /* KeySyncCryptoTests.swift in Sources */,
				777AC6FDEA6C14A464172559 /* SidecarCodableTests.swift in Sources */,
				62A792952CC5B0204DD1ACB7 /* MediaDeleteServiceTests.swift in Sources */,
				C325B2DE9C4EBB590CE9AA5B /* MediaItemTests.swift in Sources */,
				38FFE15933CA61B4381699B5 /* ModelRelationshipTests.swift in Sources */,
				93BCDEF1234567890ABCDE12 /* SpaceGuidanceResolverTests.swift in Sources */,
				84F9DE63370E1B1CC097BECA /* SearchIndexServiceTests.swift in Sources */,
				427935C4BB83A9052AEEE6E1 /* ShareImportServiceTests.swift in Sources */,
				2D5F5E408DB2900D5E4EB16A /* GuidanceFallbackTests.swift in Sources */,
				FF030F761044AEE25ACAEA04 /* SyncServiceDataTests.swift in Sources */,
				5E5E4765114B409FE5994A83 /* KeySyncServiceTests.swift in Sources */,
				E34FCD416FC123E6A9B6418F /* ImageImportServiceTests.swift in Sources */,
				A200000001 /* GridPreferenceKeyTests.swift in Sources */,
				A200000002 /* PerformanceHardeningTests.swift in Sources */,
			);
			runOnlyForDeploymentPostprocessing = 0;
		};
		A0E9D3CC2F7328AC00E35403 /* Sources */ = {
			isa = PBXSourcesBuildPhase;
			buildActionMask = 2147483647;
			files = (
			);
			runOnlyForDeploymentPostprocessing = 0;
		};
		F100000002 /* Sources */ = {
			isa = PBXSourcesBuildPhase;
			buildActionMask = 2147483647;
			files = (
				A100000001 /* SnapwellApp.swift in Sources */,
				A100000002 /* ContentView.swift in Sources */,
				A100000004 /* Space.swift in Sources */,
				A100000005 /* FileSystemManager.swift in Sources */,
				A100000008 /* ThumbnailCache.swift in Sources */,
				A100000009 /* Color+Snapwell.swift in Sources */,
				A100000011 /* MainView.swift in Sources */,
				A100000050 /* AllItemsTab.swift in Sources */,
				A100000051 /* SpacesTab.swift in Sources */,
				A100000052 /* SpaceCardView.swift in Sources */,
				A100000053 /* SpaceDetailView.swift in Sources */,
				A100000013 /* MasonryGrid.swift in Sources */,
				A100000014 /* GridItemView.swift in Sources */,
				A100000015 /* PatternPills.swift in Sources */,
				A100000016 /* ImageDetailView.swift in Sources */,
				A100000017 /* ZoomableImageView.swift in Sources */,
				A100000018 /* EmptyStateView.swift in Sources */,
				A100000020 /* iCloudDownloadMonitor.swift in Sources */,
				A100000021 /* FullScreenImageOverlay.swift in Sources */,
				A100000045 /* DetailMetadataSection.swift in Sources */,
				A100000023 /* ShareImportService.swift in Sources */,
				69A2FAEBC4355557E9BBF91D /* MediaItem.swift in Sources */,
				81BCDEF1234567890ABCDE12 /* SpaceMembership.swift in Sources */,
				810E66F164E96C78F5095B7B /* AnalysisResult.swift in Sources */,
				787BBD33FD14A7CC420B8C71 /* SyncService.swift in Sources */,
				A1MIGR0001 /* LocalToiCloudMigrationService.swift in Sources */,
				F2AD76603369201957F4E1FD /* SearchIndexService.swift in Sources */,
				A100000030 /* AnimationTokens.swift in Sources */,
				A100000031 /* ImageImportService.swift in Sources */,
				A100000032 /* PhotoPickerView.swift in Sources */,
				A100000033 /* MediaDeleteService.swift in Sources */,
				A100000036 /* KeySyncCrypto.swift in Sources */,
				A100000037 /* KeySyncService.swift in Sources */,
				KC00000002 /* KeychainService.swift in Sources */,
				A100000038 /* AIAnalysisService.swift in Sources */,
				A100000040 /* ActivityView.swift in Sources */,
				A100000041 /* ModelContext+SaveOrLog.swift in Sources */,
				A100000042 /* AppState.swift in Sources */,
				A100000043 /* AnalysisCoordinator.swift in Sources */,
				A100000044 /* SidecarWriteService.swift in Sources */,
			);
			runOnlyForDeploymentPostprocessing = 0;
		};
/* End PBXSourcesBuildPhase section */

/* Begin PBXTargetDependency section */
		A0E9D3D92F7328AC00E35403 /* PBXTargetDependency */ = {
			isa = PBXTargetDependency;
			target = A0E9D3CF2F7328AC00E35403 /* ShareExtension */;
			targetProxy = A0E9D3D82F7328AC00E35403 /* PBXContainerItemProxy */;
		};
		EFD4AB5D24995D4D5B1EA4DE /* PBXTargetDependency */ = {
			isa = PBXTargetDependency;
			name = Snapwell;
			target = F100000001 /* Snapwell */;
			targetProxy = 50D27E1D2BB0C54CF01334B4 /* PBXContainerItemProxy */;
		};
/* End PBXTargetDependency section */

/* Begin XCBuildConfiguration section */
		A0E9D3DC2F7328AC00E35403 /* Debug */ = {
			isa = XCBuildConfiguration;
			buildSettings = {
				CODE_SIGN_ENTITLEMENTS = ShareExtension/ShareExtension.entitlements;
				CODE_SIGN_STYLE = Automatic;
				CURRENT_PROJECT_VERSION = 6;
				DEVELOPMENT_TEAM = HJ4HYUU2Y6;
				GENERATE_INFOPLIST_FILE = YES;
				INFOPLIST_FILE = ShareExtension/Info.plist;
				INFOPLIST_KEY_CFBundleDisplayName = Snapwell;
				INFOPLIST_KEY_NSHumanReadableCopyright = "";
				IPHONEOS_DEPLOYMENT_TARGET = 17.0;
				LD_RUNPATH_SEARCH_PATHS = (
					"$(inherited)",
					"@executable_path/Frameworks",
					"@executable_path/../../Frameworks",
				);
				LOCALIZATION_PREFERS_STRING_CATALOGS = YES;
				MARKETING_VERSION = 1.0.2;
				PRODUCT_BUNDLE_IDENTIFIER = co.snapwell.ShareExtension;
				PRODUCT_NAME = "$(TARGET_NAME)";
				SKIP_INSTALL = YES;
				STRING_CATALOG_GENERATE_SYMBOLS = YES;
				SWIFT_ACTIVE_COMPILATION_CONDITIONS = "DEBUG $(inherited)";
				SWIFT_APPROACHABLE_CONCURRENCY = YES;
				SWIFT_EMIT_LOC_STRINGS = YES;
				SWIFT_UPCOMING_FEATURE_MEMBER_IMPORT_VISIBILITY = YES;
				SWIFT_VERSION = 5.0;
				TARGETED_DEVICE_FAMILY = "1,2";
			};
			name = Debug;
		};
		A0E9D3DD2F7328AC00E35403 /* Release */ = {
			isa = XCBuildConfiguration;
			buildSettings = {
				CODE_SIGN_ENTITLEMENTS = ShareExtension/ShareExtension.entitlements;
				CODE_SIGN_STYLE = Automatic;
				CURRENT_PROJECT_VERSION = 6;
				DEVELOPMENT_TEAM = HJ4HYUU2Y6;
				GENERATE_INFOPLIST_FILE = YES;
				INFOPLIST_FILE = ShareExtension/Info.plist;
				INFOPLIST_KEY_CFBundleDisplayName = Snapwell;
				INFOPLIST_KEY_NSHumanReadableCopyright = "";
				IPHONEOS_DEPLOYMENT_TARGET = 17.0;
				LD_RUNPATH_SEARCH_PATHS = (
					"$(inherited)",
					"@executable_path/Frameworks",
					"@executable_path/../../Frameworks",
				);
				LOCALIZATION_PREFERS_STRING_CATALOGS = YES;
				MARKETING_VERSION = 1.0.2;
				PRODUCT_BUNDLE_IDENTIFIER = co.snapwell.ShareExtension;
				PRODUCT_NAME = "$(TARGET_NAME)";
				SKIP_INSTALL = YES;
				STRING_CATALOG_GENERATE_SYMBOLS = YES;
				SWIFT_APPROACHABLE_CONCURRENCY = YES;
				SWIFT_EMIT_LOC_STRINGS = YES;
				SWIFT_UPCOMING_FEATURE_MEMBER_IMPORT_VISIBILITY = YES;
				SWIFT_VERSION = 5.0;
				TARGETED_DEVICE_FAMILY = "1,2";
			};
			name = Release;
		};
		C3355413B503F864535E9535 /* Release */ = {
			isa = XCBuildConfiguration;
			buildSettings = {
				BUNDLE_LOADER = "$(TEST_HOST)";
				CLANG_ENABLE_OBJC_WEAK = NO;
				CODE_SIGN_STYLE = Automatic;
				DEVELOPMENT_TEAM = HJ4HYUU2Y6;
				ENABLE_TESTING_SEARCH_PATHS = YES;
				GENERATE_INFOPLIST_FILE = YES;
				IPHONEOS_DEPLOYMENT_TARGET = 17.0;
				PRODUCT_BUNDLE_IDENTIFIER = co.snapwell.app.tests;
				PRODUCT_NAME = SnapwellTests;
				SDKROOT = iphoneos;
				SWIFT_STRICT_CONCURRENCY = complete;
				SWIFT_VERSION = 6.0;
				TEST_HOST = "$(BUILT_PRODUCTS_DIR)/Snapwell.app/$(BUNDLE_EXECUTABLE_FOLDER_PATH)/Snapwell";
				VALIDATE_PRODUCT = YES;
			};
			name = Release;
		};
		DC298DD1B5F2549526A5AF47 /* Debug */ = {
			isa = XCBuildConfiguration;
			buildSettings = {
				BUNDLE_LOADER = "$(TEST_HOST)";
				CLANG_ENABLE_OBJC_WEAK = NO;
				CODE_SIGN_STYLE = Automatic;
				DEVELOPMENT_TEAM = HJ4HYUU2Y6;
				ENABLE_TESTING_SEARCH_PATHS = YES;
				GENERATE_INFOPLIST_FILE = YES;
				IPHONEOS_DEPLOYMENT_TARGET = 17.0;
				PRODUCT_BUNDLE_IDENTIFIER = co.snapwell.app.tests;
				PRODUCT_NAME = SnapwellTests;
				SDKROOT = iphoneos;
				SWIFT_STRICT_CONCURRENCY = complete;
				SWIFT_VERSION = 6.0;
				TEST_HOST = "$(BUILT_PRODUCTS_DIR)/Snapwell.app/$(BUNDLE_EXECUTABLE_FOLDER_PATH)/Snapwell";
			};
			name = Debug;
		};
		G100000010 /* Debug */ = {
			isa = XCBuildConfiguration;
			buildSettings = {
				ALWAYS_SEARCH_USER_PATHS = NO;
				ASSETCATALOG_COMPILER_GENERATE_SWIFT_ASSET_SYMBOL_EXTENSIONS = YES;
				CLANG_ANALYZER_NONNULL = YES;
				CLANG_ANALYZER_NUMBER_OBJECT_CONVERSION = YES_AGGRESSIVE;
				CLANG_CXX_LANGUAGE_STANDARD = "gnu++20";
				CLANG_ENABLE_MODULES = YES;
				CLANG_ENABLE_OBJC_ARC = YES;
				CLANG_ENABLE_OBJC_WEAK = YES;
				CLANG_WARN_BLOCK_CAPTURE_AUTORELEASING = YES;
				CLANG_WARN_BOOL_CONVERSION = YES;
				CLANG_WARN_COMMA = YES;
				CLANG_WARN_CONSTANT_CONVERSION = YES;
				CLANG_WARN_DEPRECATED_OBJC_IMPLEMENTATIONS = YES;
				CLANG_WARN_DIRECT_OBJC_ISA_USAGE = YES_ERROR;
				CLANG_WARN_DOCUMENTATION_COMMENTS = YES;
				CLANG_WARN_EMPTY_BODY = YES;
				CLANG_WARN_ENUM_CONVERSION = YES;
				CLANG_WARN_INFINITE_RECURSION = YES;
				CLANG_WARN_INT_CONVERSION = YES;
				CLANG_WARN_NON_LITERAL_NULL_CONVERSION = YES;
				CLANG_WARN_OBJC_IMPLICIT_RETAIN_SELF = YES;
				CLANG_WARN_OBJC_LITERAL_CONVERSION = YES;
				CLANG_WARN_OBJC_ROOT_CLASS = YES_ERROR;
				CLANG_WARN_QUOTED_INCLUDE_IN_FRAMEWORK_HEADER = YES;
				CLANG_WARN_RANGE_LOOP_ANALYSIS = YES;
				CLANG_WARN_STRICT_PROTOTYPES = YES;
				CLANG_WARN_SUSPICIOUS_MOVE = YES;
				CLANG_WARN_UNGUARDED_AVAILABILITY = YES_AGGRESSIVE;
				CLANG_WARN_UNREACHABLE_CODE = YES;
				CLANG_WARN__DUPLICATE_METHOD_MATCH = YES;
				COPY_PHASE_STRIP = NO;
				DEBUG_INFORMATION_FORMAT = dwarf;
				ENABLE_STRICT_OBJC_MSGSEND = YES;
				ENABLE_TESTABILITY = YES;
				ENABLE_USER_SCRIPT_SANDBOXING = YES;
				GCC_C_LANGUAGE_STANDARD = gnu17;
				GCC_DYNAMIC_NO_PIC = NO;
				GCC_NO_COMMON_BLOCKS = YES;
				GCC_OPTIMIZATION_LEVEL = 0;
				GCC_PREPROCESSOR_DEFINITIONS = (
					"DEBUG=1",
					"$(inherited)",
				);
				GCC_WARN_64_TO_32_BIT_CONVERSION = YES;
				GCC_WARN_ABOUT_RETURN_TYPE = YES_ERROR;
				GCC_WARN_UNDECLARED_SELECTOR = YES;
				GCC_WARN_UNINITIALIZED_AUTOS = YES_AGGRESSIVE;
				GCC_WARN_UNUSED_FUNCTION = YES;
				GCC_WARN_UNUSED_VARIABLE = YES;
				IPHONEOS_DEPLOYMENT_TARGET = 17.0;
				MTL_ENABLE_DEBUG_INFO = INCLUDE_SOURCE;
				MTL_FAST_MATH = YES;
				ONLY_ACTIVE_ARCH = YES;
				SDKROOT = iphoneos;
				SWIFT_ACTIVE_COMPILATION_CONDITIONS = "$(inherited) DEBUG";
				SWIFT_OPTIMIZATION_LEVEL = "-Onone";
			};
			name = Debug;
		};
		G100000011 /* Release */ = {
			isa = XCBuildConfiguration;
			buildSettings = {
				ALWAYS_SEARCH_USER_PATHS = NO;
				ASSETCATALOG_COMPILER_GENERATE_SWIFT_ASSET_SYMBOL_EXTENSIONS = YES;
				CLANG_ANALYZER_NONNULL = YES;
				CLANG_ANALYZER_NUMBER_OBJECT_CONVERSION = YES_AGGRESSIVE;
				CLANG_CXX_LANGUAGE_STANDARD = "gnu++20";
				CLANG_ENABLE_MODULES = YES;
				CLANG_ENABLE_OBJC_ARC = YES;
				CLANG_ENABLE_OBJC_WEAK = YES;
				CLANG_WARN_BLOCK_CAPTURE_AUTORELEASING = YES;
				CLANG_WARN_BOOL_CONVERSION = YES;
				CLANG_WARN_COMMA = YES;
				CLANG_WARN_CONSTANT_CONVERSION = YES;
				CLANG_WARN_DEPRECATED_OBJC_IMPLEMENTATIONS = YES;
				CLANG_WARN_DIRECT_OBJC_ISA_USAGE = YES_ERROR;
				CLANG_WARN_DOCUMENTATION_COMMENTS = YES;
				CLANG_WARN_EMPTY_BODY = YES;
				CLANG_WARN_ENUM_CONVERSION = YES;
				CLANG_WARN_INFINITE_RECURSION = YES;
				CLANG_WARN_INT_CONVERSION = YES;
				CLANG_WARN_NON_LITERAL_NULL_CONVERSION = YES;
				CLANG_WARN_OBJC_IMPLICIT_RETAIN_SELF = YES;
				CLANG_WARN_OBJC_LITERAL_CONVERSION = YES;
				CLANG_WARN_OBJC_ROOT_CLASS = YES_ERROR;
				CLANG_WARN_QUOTED_INCLUDE_IN_FRAMEWORK_HEADER = YES;
				CLANG_WARN_RANGE_LOOP_ANALYSIS = YES;
				CLANG_WARN_STRICT_PROTOTYPES = YES;
				CLANG_WARN_SUSPICIOUS_MOVE = YES;
				CLANG_WARN_UNGUARDED_AVAILABILITY = YES_AGGRESSIVE;
				CLANG_WARN_UNREACHABLE_CODE = YES;
				CLANG_WARN__DUPLICATE_METHOD_MATCH = YES;
				COPY_PHASE_STRIP = NO;
				DEBUG_INFORMATION_FORMAT = "dwarf-with-dsym";
				ENABLE_NS_ASSERTIONS = NO;
				ENABLE_STRICT_OBJC_MSGSEND = YES;
				ENABLE_USER_SCRIPT_SANDBOXING = YES;
				GCC_C_LANGUAGE_STANDARD = gnu17;
				GCC_NO_COMMON_BLOCKS = YES;
				GCC_WARN_64_TO_32_BIT_CONVERSION = YES;
				GCC_WARN_ABOUT_RETURN_TYPE = YES_ERROR;
				GCC_WARN_UNDECLARED_SELECTOR = YES;
				GCC_WARN_UNINITIALIZED_AUTOS = YES_AGGRESSIVE;
				GCC_WARN_UNUSED_FUNCTION = YES;
				GCC_WARN_UNUSED_VARIABLE = YES;
				IPHONEOS_DEPLOYMENT_TARGET = 17.0;
				MTL_ENABLE_DEBUG_INFO = NO;
				MTL_FAST_MATH = YES;
				SDKROOT = iphoneos;
				SWIFT_COMPILATION_MODE = wholemodule;
				VALIDATE_PRODUCT = YES;
			};
			name = Release;
		};
		G100000020 /* Debug */ = {
			isa = XCBuildConfiguration;
			buildSettings = {
				ASSETCATALOG_COMPILER_APPICON_NAME = AppIcon;
				ASSETCATALOG_COMPILER_GLOBAL_ACCENT_COLOR_NAME = AccentColor;
				ASSETCATALOG_COMPILER_INCLUDE_ALL_APPICON_ASSETS = YES;
				CODE_SIGN_ENTITLEMENTS = Snapwell/Resources/Snapwell.entitlements;
				CODE_SIGN_STYLE = Automatic;
				CURRENT_PROJECT_VERSION = 6;
				DEVELOPMENT_ASSET_PATHS = "";
				DEVELOPMENT_TEAM = HJ4HYUU2Y6;
				ENABLE_PREVIEWS = YES;
				GENERATE_INFOPLIST_FILE = YES;
				INFOPLIST_FILE = Snapwell/Resources/Info.plist;
				INFOPLIST_KEY_CFBundleDisplayName = Snapwell;
				INFOPLIST_KEY_ITSAppUsesNonExemptEncryption = NO;
				INFOPLIST_KEY_LSApplicationCategoryType = "public.app-category.photography";
				INFOPLIST_KEY_UIApplicationSceneManifest_Generation = YES;
				INFOPLIST_KEY_UIApplicationSupportsIndirectInputEvents = YES;
				INFOPLIST_KEY_UILaunchScreen_Generation = YES;
				INFOPLIST_KEY_UISupportedInterfaceOrientations_iPad = "UIInterfaceOrientationPortrait UIInterfaceOrientationPortraitUpsideDown UIInterfaceOrientationLandscapeLeft UIInterfaceOrientationLandscapeRight";
				INFOPLIST_KEY_UISupportedInterfaceOrientations_iPhone = "UIInterfaceOrientationPortrait UIInterfaceOrientationLandscapeLeft UIInterfaceOrientationLandscapeRight";
				LD_RUNPATH_SEARCH_PATHS = (
					"$(inherited)",
					"@executable_path/Frameworks",
				);
				MARKETING_VERSION = 1.0.2;
				PRODUCT_BUNDLE_IDENTIFIER = co.snapwell;
				PRODUCT_NAME = "$(TARGET_NAME)";
				SUPPORTED_PLATFORMS = "iphoneos iphonesimulator";
				SUPPORTS_MACCATALYST = NO;
				SWIFT_EMIT_LOC_STRINGS = YES;
				SWIFT_VERSION = 5.0;
				TARGETED_DEVICE_FAMILY = "1,2";
			};
			name = Debug;
		};
		G100000021 /* Release */ = {
			isa = XCBuildConfiguration;
			buildSettings = {
				ASSETCATALOG_COMPILER_APPICON_NAME = AppIcon;
				ASSETCATALOG_COMPILER_GLOBAL_ACCENT_COLOR_NAME = AccentColor;
				ASSETCATALOG_COMPILER_INCLUDE_ALL_APPICON_ASSETS = YES;
				CODE_SIGN_ENTITLEMENTS = Snapwell/Resources/Snapwell.entitlements;
				CODE_SIGN_STYLE = Automatic;
				CURRENT_PROJECT_VERSION = 6;
				DEVELOPMENT_ASSET_PATHS = "";
				DEVELOPMENT_TEAM = HJ4HYUU2Y6;
				ENABLE_PREVIEWS = YES;
				GENERATE_INFOPLIST_FILE = YES;
				INFOPLIST_FILE = Snapwell/Resources/Info.plist;
				INFOPLIST_KEY_CFBundleDisplayName = Snapwell;
				INFOPLIST_KEY_ITSAppUsesNonExemptEncryption = NO;
				INFOPLIST_KEY_LSApplicationCategoryType = "public.app-category.photography";
				INFOPLIST_KEY_UIApplicationSceneManifest_Generation = YES;
				INFOPLIST_KEY_UIApplicationSupportsIndirectInputEvents = YES;
				INFOPLIST_KEY_UILaunchScreen_Generation = YES;
				INFOPLIST_KEY_UISupportedInterfaceOrientations_iPad = "UIInterfaceOrientationPortrait UIInterfaceOrientationPortraitUpsideDown UIInterfaceOrientationLandscapeLeft UIInterfaceOrientationLandscapeRight";
				INFOPLIST_KEY_UISupportedInterfaceOrientations_iPhone = "UIInterfaceOrientationPortrait UIInterfaceOrientationLandscapeLeft UIInterfaceOrientationLandscapeRight";
				LD_RUNPATH_SEARCH_PATHS = (
					"$(inherited)",
					"@executable_path/Frameworks",
				);
				MARKETING_VERSION = 1.0.2;
				PRODUCT_BUNDLE_IDENTIFIER = co.snapwell;
				PRODUCT_NAME = "$(TARGET_NAME)";
				SUPPORTED_PLATFORMS = "iphoneos iphonesimulator";
				SUPPORTS_MACCATALYST = NO;
				SWIFT_EMIT_LOC_STRINGS = YES;
				SWIFT_VERSION = 5.0;
				TARGETED_DEVICE_FAMILY = "1,2";
			};
			name = Release;
		};
/* End XCBuildConfiguration section */

/* Begin XCConfigurationList section */
		8A7D6929737B333F9908CD2D /* Build configuration list for PBXNativeTarget "SnapwellTests" */ = {
			isa = XCConfigurationList;
			buildConfigurations = (
				C3355413B503F864535E9535 /* Release */,
				DC298DD1B5F2549526A5AF47 /* Debug */,
			);
			defaultConfigurationIsVisible = 0;
			defaultConfigurationName = Release;
		};
		A0E9D3DF2F7328AC00E35403 /* Build configuration list for PBXNativeTarget "ShareExtension" */ = {
			isa = XCConfigurationList;
			buildConfigurations = (
				A0E9D3DC2F7328AC00E35403 /* Debug */,
				A0E9D3DD2F7328AC00E35403 /* Release */,
			);
			defaultConfigurationIsVisible = 0;
			defaultConfigurationName = Release;
		};
		G100000001 /* Build configuration list for PBXProject "Snapwell" */ = {
			isa = XCConfigurationList;
			buildConfigurations = (
				G100000010 /* Debug */,
				G100000011 /* Release */,
			);
			defaultConfigurationIsVisible = 0;
			defaultConfigurationName = Release;
		};
		G100000003 /* Build configuration list for PBXNativeTarget "Snapwell" */ = {
			isa = XCConfigurationList;
			buildConfigurations = (
				G100000020 /* Debug */,
				G100000021 /* Release */,
			);
			defaultConfigurationIsVisible = 0;
			defaultConfigurationName = Release;
		};
/* End XCConfigurationList section */
	};
	rootObject = H100000001 /* Project object */;
}
